
Microsoft Visual Studio Solution File, Format Version 12.00
# Visual Studio Version 17
VisualStudioVersion = 17.3.32819.101
MinimumVisualStudioVersion = 10.0.40219.1
Project("{FAE04EC0-301F-11D3-BF4B-00C04F79EFBC}") = "HomeWork13", "HomeWork13\HomeWork13.csproj", "{B546DF2C-0213-4DBB-BEC3-3E8D58D9C5F8}"
EndProject
Global
	GlobalSection(SolutionConfigurationPlatforms) = preSolution
		Debug|Any CPU = Debug|Any CPU
		Release|Any CPU = Release|Any CPU
	EndGlobalSection
	GlobalSection(ProjectConfigurationPlatforms) = postSolution
		{B546DF2C-0213-4DBB-BEC3-3E8D58D9C5F8}.Debug|Any CPU.ActiveCfg = Debug|Any CPU
		{B546DF2C-0213-4DBB-BEC3-3E8D58D9C5F8}.Debug|Any CPU.Build.0 = Debug|Any CPU
		{B546DF2C-0213-4DBB-BEC3-3E8D58D9C5F8}.Release|Any CPU.ActiveCfg = Release|Any CPU
		{B546DF2C-0213-4DBB-BEC3-3E8D58D9C5F8}.Release|Any CPU.Build.0 = Release|Any CPU
	EndGlobalSection
	GlobalSection(SolutionProperties) = preSolution
		HideSolutionNode = FALSE
	EndGlobalSection
	GlobalSection(ExtensibilityGlobals) = postSolution
		SolutionGuid = {EC36B970-61C2-42BC-8F63-4C0F78FAA66D}
	EndGlobalSection
EndGlobal
